
Microsoft Visual Studio Solution File, Format Version 12.00
# Visual Studio Version 16
VisualStudioVersion = 16.0.33529.622
MinimumVisualStudioVersion = 10.0.40219.1
Project("{FAE04EC0-301F-11D3-BF4B-00C04F79EFBC}") = "DemoProjectPOC", "DemoProjectPOC\DemoProjectPOC.csproj", "{09069381-4FB5-401F-8DF4-DDEF0EE0D4E0}"
EndProject
Project("{FAE04EC0-301F-11D3-BF4B-00C04F79EFBC}") = "DemoConfig", "DemoConfig\DemoConfig.csproj", "{6BEA7254-82CA-494E-898E-AA482EFDA8D3}"
EndProject
Project("{FAE04EC0-301F-11D3-BF4B-00C04F79EFBC}") = "DemoModels", "DemoModels\DemoModels.csproj", "{DED26687-793C-421F-890D-617AB5B150AB}"
EndProject
Global
	GlobalSection(SolutionConfigurationPlatforms) = preSolution
		Debug|Any CPU = Debug|Any CPU
		Release|Any CPU = Release|Any CPU
	EndGlobalSection
	GlobalSection(ProjectConfigurationPlatforms) = postSolution
		{09069381-4FB5-401F-8DF4-DDEF0EE0D4E0}.Debug|Any CPU.ActiveCfg = Debug|Any CPU
		{09069381-4FB5-401F-8DF4-DDEF0EE0D4E0}.Debug|Any CPU.Build.0 = Debug|Any CPU
		{09069381-4FB5-401F-8DF4-DDEF0EE0D4E0}.Release|Any CPU.ActiveCfg = Release|Any CPU
		{09069381-4FB5-401F-8DF4-DDEF0EE0D4E0}.Release|Any CPU.Build.0 = Release|Any CPU
		{6BEA7254-82CA-494E-898E-AA482EFDA8D3}.Debug|Any CPU.ActiveCfg = Debug|Any CPU
		{6BEA7254-82CA-494E-898E-AA482EFDA8D3}.Debug|Any CPU.Build.0 = Debug|Any CPU
		{6BEA7254-82CA-494E-898E-AA482EFDA8D3}.Release|Any CPU.ActiveCfg = Release|Any CPU
		{6BEA7254-82CA-494E-898E-AA482EFDA8D3}.Release|Any CPU.Build.0 = Release|Any CPU
		{DED26687-793C-421F-890D-617AB5B150AB}.Debug|Any CPU.ActiveCfg = Debug|Any CPU
		{DED26687-793C-421F-890D-617AB5B150AB}.Debug|Any CPU.Build.0 = Debug|Any CPU
		{DED26687-793C-421F-890D-617AB5B150AB}.Release|Any CPU.ActiveCfg = Release|Any CPU
		{DED26687-793C-421F-890D-617AB5B150AB}.Release|Any CPU.Build.0 = Release|Any CPU
	EndGlobalSection
	GlobalSection(SolutionProperties) = preSolution
		HideSolutionNode = FALSE
	EndGlobalSection
	GlobalSection(ExtensibilityGlobals) = postSolution
		SolutionGuid = {263572D3-0C27-4C06-AA57-A86D06F93EC7}
	EndGlobalSection
EndGlobal
